# THIS IS AN AUTOGENERATED FILE. DO NOT EDIT THIS FILE DIRECTLY.
# yarn lockfile v1


"@types/amqp@^0.2.4":
  version "0.2.4"
  resolved "https://registry.yarnpkg.com/@types/amqp/-/amqp-0.2.4.tgz#6507b111c64caed21451c73b2a344f77b3e8d7e2"
  integrity sha512-6EG+diZKMU/NaHZ+FA35zb/Cj9F3uevPap11LHVNFscJtTxttTHkstmQ4FIx7wmxLqQWUV3lcEFWfGpndHW0rQ==
  dependencies:
    "@types/events" "*"
    "@types/node" "*"

"@types/events@*":
  version "3.0.0"
  resolved "https://registry.yarnpkg.com/@types/events/-/events-3.0.0.tgz#2862f3f58a9a7f7c3e78d79f130dd4d71c25c2a7"
  integrity sha512-EaObqwIvayI5a8dCzhFrjKzVwKLxjoG9T6Ppd5CEo07LRKfQ8Yokw54r5+Wq7FaBQ+yXRvQAYPrHwya1/UFt9g==

"@types/node@*", "@types/node@^14.14.14":
  version "14.14.14"
  resolved "https://registry.yarnpkg.com/@types/node/-/node-14.14.14.tgz#f7fd5f3cc8521301119f63910f0fb965c7d761ae"
  integrity sha512-UHnOPWVWV1z+VV8k6L1HhG7UbGBgIdghqF3l9Ny9ApPghbjICXkUJSd/b9gOgQfjM1r+37cipdw/HJ3F6ICEnQ==

amqp@^0.2.7:
  version "0.2.7"
  resolved "https://registry.yarnpkg.com/amqp/-/amqp-0.2.7.tgz#738cfc45fd9c99260b45d5fafc32ed000841e1b1"
  integrity sha1-c4z8Rf2cmSYLRdX6/DLtAAhB4bE=
  dependencies:
    lodash "^4.0.0"

lodash@^4.0.0:
  version "4.17.20"
  resolved "https://registry.yarnpkg.com/lodash/-/lodash-4.17.20.tgz#b44a9b6297bcb698f1c51a3545a2b3b368d59c52"
  integrity sha512-PlhdFcillOINfeV7Ni6oF1TAEayyZBoZ8bcshTHqOYJYlrqzRK5hagpagky5o4HfCzzd1TRkXPMFq6cKk9rGmA==

typescript@^4.1.3:
  version "4.1.3"
  resolved "https://registry.yarnpkg.com/typescript/-/typescript-4.1.3.tgz#519d582bd94cba0cf8934c7d8e8467e473f53bb7"
  integrity sha512-B3ZIOf1IKeH2ixgHhj6la6xdwR9QrLC5d1VKeCSY4tvkqhF2eqd9O7txNlS0PO3GrBAFIdr3L1ndNwteUbZLYg==
